
Microsoft Visual Studio Solution File, Format Version 12.00
# Visual Studio Version 17
VisualStudioVersion = 17.10.35027.167
MinimumVisualStudioVersion = 10.0.40219.1
Project("{FAE04EC0-301F-11D3-BF4B-00C04F79EFBC}") = "restorant otomasyonu", "restorant otomasyonu.csproj", "{D6B6256D-9FE0-4BC8-8489-17433903E7BD}"
EndProject
Global
	GlobalSection(SolutionConfigurationPlatforms) = preSolution
		Debug|Any CPU = Debug|Any CPU
		Release|Any CPU = Release|Any CPU
	EndGlobalSection
	GlobalSection(ProjectConfigurationPlatforms) = postSolution
		{D6B6256D-9FE0-4BC8-8489-17433903E7BD}.Debug|Any CPU.ActiveCfg = Debug|Any CPU
		{D6B6256D-9FE0-4BC8-8489-17433903E7BD}.Debug|Any CPU.Build.0 = Debug|Any CPU
		{D6B6256D-9FE0-4BC8-8489-17433903E7BD}.Release|Any CPU.ActiveCfg = Release|Any CPU
		{D6B6256D-9FE0-4BC8-8489-17433903E7BD}.Release|Any CPU.Build.0 = Release|Any CPU
	EndGlobalSection
	GlobalSection(SolutionProperties) = preSolution
		HideSolutionNode = FALSE
	EndGlobalSection
	GlobalSection(ExtensibilityGlobals) = postSolution
		SolutionGuid = {A9FF21FE-DABD-4744-B42C-50A7D3400B6E}
	EndGlobalSection
EndGlobal
